// !$*UTF8*$!
{
	archiveVersion = 1;
	classes = {
	};
	objectVersion = 55;
	objects = {

/* Begin PBXBuildFile section */
		F81A81212790B34900858699 /* AppDelegate.swift in Sources */ = {isa = PBXBuildFile; fileRef = F81A81202790B34900858699 /* AppDelegate.swift */; };
		F81A81232790B34900858699 /* SceneDelegate.swift in Sources */ = {isa = PBXBuildFile; fileRef = F81A81222790B34900858699 /* SceneDelegate.swift */; };
		F81A81252790B34900858699 /* ViewController.swift in Sources */ = {isa = PBXBuildFile; fileRef = F81A81242790B34900858699 /* ViewController.swift */; };
		F81A81282790B34900858699 /* Main.storyboard in Resources */ = {isa = PBXBuildFile; fileRef = F81A81262790B34900858699 /* Main.storyboard */; };
		F81A812B2790B34900858699 /* FlowerSpot.xcdatamodeld in Sources */ = {isa = PBXBuildFile; fileRef = F81A81292790B34900858699 /* FlowerSpot.xcdatamodeld */; };
		F81A812D2790B34E00858699 /* Assets.xcassets in Resources */ = {isa = PBXBuildFile; fileRef = F81A812C2790B34E00858699 /* Assets.xcassets */; };
		F81A81302790B34E00858699 /* LaunchScreen.storyboard in Resources */ = {isa = PBXBuildFile; fileRef = F81A812E2790B34E00858699 /* LaunchScreen.storyboard */; };
		F81A813B2790B34E00858699 /* FlowerSpotTests.swift in Sources */ = {isa = PBXBuildFile; fileRef = F81A813A2790B34E00858699 /* FlowerSpotTests.swift */; };
		F81A81452790B34F00858699 /* FlowerSpotUITests.swift in Sources */ = {isa = PBXBuildFile; fileRef = F81A81442790B34F00858699 /* FlowerSpotUITests.swift */; };
		F81A81472790B34F00858699 /* FlowerSpotUITestsLaunchTests.swift in Sources */ = {isa = PBXBuildFile; fileRef = F81A81462790B34F00858699 /* FlowerSpotUITestsLaunchTests.swift */; };
/* End PBXBuildFile section */

/* Begin PBXContainerItemProxy section */
		F81A81372790B34E00858699 /* PBXContainerItemProxy */ = {
			isa = PBXContainerItemProxy;
			containerPortal = F81A81152790B34900858699 /* Project object */;
			proxyType = 1;
			remoteGlobalIDString = F81A811C2790B34900858699;
			remoteInfo = FlowerSpot;
		};
		F81A81412790B34F00858699 /* PBXContainerItemProxy */ = {
			isa = PBXContainerItemProxy;
			containerPortal = F81A81152790B34900858699 /* Project object */;
			proxyType = 1;
			remoteGlobalIDString = F81A811C2790B34900858699;
			remoteInfo = FlowerSpot;
		};
/* End PBXContainerItemProxy section */

/* Begin PBXFileReference section */
		F81A811D2790B34900858699 /* FlowerSpot.app */ = {isa = PBXFileReference; explicitFileType = wrapper.application; includeInIndex = 0; path = FlowerSpot.app; sourceTree = BUILT_PRODUCTS_DIR; };
		F81A81202790B34900858699 /* AppDelegate.swift */ = {isa = PBXFileReference; lastKnownFileType = sourcecode.swift; path = AppDelegate.swift; sourceTree = "<group>"; };
		F81A81222790B34900858699 /* SceneDelegate.swift */ = {isa = PBXFileReference; lastKnownFileType = sourcecode.swift; path = SceneDelegate.swift; sourceTree = "<group>"; };
		F81A81242790B34900858699 /* ViewController.swift */ = {isa = PBXFileReference; lastKnownFileType = sourcecode.swift; path = ViewController.swift; sourceTree = "<group>"; };
		F81A81272790B34900858699 /* Base */ = {isa = PBXFileReference; lastKnownFileType = file.storyboard; name = Base; path = Base.lproj/Main.storyboard; sourceTree = "<group>"; };
		F81A812A2790B34900858699 /* FlowerSpot.xcdatamodel */ = {isa = PBXFileReference; lastKnownFileType = wrapper.xcdatamodel; path = FlowerSpot.xcdatamodel; sourceTree = "<group>"; };
		F81A812C2790B34E00858699 /* Assets.xcassets */ = {isa = PBXFileReference; lastKnownFileType = folder.assetcatalog; path = Assets.xcassets; sourceTree = "<group>"; };
		F81A812F2790B34E00858699 /* Base */ = {isa = PBXFileReference; lastKnownFileType = file.storyboard; name = Base; path = Base.lproj/LaunchScreen.storyboard; sourceTree = "<group>"; };
		F81A81312790B34E00858699 /* Info.plist */ = {isa = PBXFileReference; lastKnownFileType = text.plist.xml; path = Info.plist; sourceTree = "<group>"; };
		F81A81362790B34E00858699 /* FlowerSpotTests.xctest */ = {isa = PBXFileReference; explicitFileType = wrapper.cfbundle; includeInIndex = 0; path = FlowerSpotTests.xctest; sourceTree = BUILT_PRODUCTS_DIR; };
		F81A813A2790B34E00858699 /* FlowerSpotTests.swift */ = {isa = PBXFileReference; lastKnownFileType = sourcecode.swift; path = FlowerSpotTests.swift; sourceTree = "<group>"; };
		F81A81402790B34E00858699 /* FlowerSpotUITests.xctest */ = {isa = PBXFileReference; explicitFileType = wrapper.cfbundle; includeInIndex = 0; path = FlowerSpotUITests.xctest; sourceTree = BUILT_PRODUCTS_DIR; };
		F81A81442790B34F00858699 /* FlowerSpotUITests.swift */ = {isa = PBXFileReference; lastKnownFileType = sourcecode.swift; path = FlowerSpotUITests.swift; sourceTree = "<group>"; };
		F81A81462790B34F00858699 /* FlowerSpotUITestsLaunchTests.swift */ = {isa = PBXFileReference; lastKnownFileType = sourcecode.swift; path = FlowerSpotUITestsLaunchTests.swift; sourceTree = "<group>"; };
/* End PBXFileReference section */

/* Begin PBXFrameworksBuildPhase section */
		F81A811A2790B34900858699 /* Frameworks */ = {
			isa = PBXFrameworksBuildPhase;
			buildActionMask = 2147483647;
			files = (
			);
			runOnlyForDeploymentPostprocessing = 0;
		};
		F81A81332790B34E00858699 /* Frameworks */ = {
			isa = PBXFrameworksBuildPhase;
			buildActionMask = 2147483647;
			files = (
			);
			runOnlyForDeploymentPostprocessing = 0;
		};
		F81A813D2790B34E00858699 /* Frameworks */ = {
			isa = PBXFrameworksBuildPhase;
			buildActionMask = 2147483647;
			files = (
			);
			runOnlyForDeploymentPostprocessing = 0;
		};
/* End PBXFrameworksBuildPhase section */

/* Begin PBXGroup section */
		F81A81142790B34900858699 = {
			isa = PBXGroup;
			children = (
				F81A811F2790B34900858699 /* FlowerSpot */,
				F81A81392790B34E00858699 /* FlowerSpotTests */,
				F81A81432790B34F00858699 /* FlowerSpotUITests */,
				F81A811E2790B34900858699 /* Products */,
			);
			sourceTree = "<group>";
		};
		F81A811E2790B34900858699 /* Products */ = {
			isa = PBXGroup;
			children = (
				F81A811D2790B34900858699 /* FlowerSpot.app */,
				F81A81362790B34E00858699 /* FlowerSpotTests.xctest */,
				F81A81402790B34E00858699 /* FlowerSpotUITests.xctest */,
			);
			name = Products;
			sourceTree = "<group>";
		};
		F81A811F2790B34900858699 /* FlowerSpot */ = {
			isa = PBXGroup;
			children = (
				F81A81202790B34900858699 /* AppDelegate.swift */,
				F81A81222790B34900858699 /* SceneDelegate.swift */,
				F81A81242790B34900858699 /* ViewController.swift */,
				F81A81262790B34900858699 /* Main.storyboard */,
				F81A812C2790B34E00858699 /* Assets.xcassets */,
				F81A812E2790B34E00858699 /* LaunchScreen.storyboard */,
				F81A81312790B34E00858699 /* Info.plist */,
				F81A81292790B34900858699 /* FlowerSpot.xcdatamodeld */,
			);
			path = FlowerSpot;
			sourceTree = "<group>";
		};
		F81A81392790B34E00858699 /* FlowerSpotTests */ = {
			isa = PBXGroup;
			children = (
				F81A813A2790B34E00858699 /* FlowerSpotTests.swift */,
			);
			path = FlowerSpotTests;
			sourceTree = "<group>";
		};
		F81A81432790B34F00858699 /* FlowerSpotUITests */ = {
			isa = PBXGroup;
			children = (
				F81A81442790B34F00858699 /* FlowerSpotUITests.swift */,
				F81A81462790B34F00858699 /* FlowerSpotUITestsLaunchTests.swift */,
			);
			path = FlowerSpotUITests;
			sourceTree = "<group>";
		};
/* End PBXGroup section */

/* Begin PBXNativeTarget section */
		F81A811C2790B34900858699 /* FlowerSpot */ = {
			isa = PBXNativeTarget;
			buildConfigurationList = F81A814A2790B34F00858699 /* Build configuration list for PBXNativeTarget "FlowerSpot" */;
			buildPhases = (
				F81A81192790B34900858699 /* Sources */,
				F81A811A2790B34900858699 /* Frameworks */,
				F81A811B2790B34900858699 /* Resources */,
			);
			buildRules = (
			);
			dependencies = (
			);
			name = FlowerSpot;
			productName = FlowerSpot;
			productReference = F81A811D2790B34900858699 /* FlowerSpot.app */;
			productType = "com.apple.product-type.application";
		};
		F81A81352790B34E00858699 /* FlowerSpotTests */ = {
			isa = PBXNativeTarget;
			buildConfigurationList = F81A814D2790B34F00858699 /* Build configuration list for PBXNativeTarget "FlowerSpotTests" */;
			buildPhases = (
				F81A81322790B34E00858699 /* Sources */,
				F81A81332790B34E00858699 /* Frameworks */,
				F81A81342790B34E00858699 /* Resources */,
			);
			buildRules = (
			);
			dependencies = (
				F81A81382790B34E00858699 /* PBXTargetDependency */,
			);
			name = FlowerSpotTests;
			productName = FlowerSpotTests;
			productReference = F81A81362790B34E00858699 /* FlowerSpotTests.xctest */;
			productType = "com.apple.product-type.bundle.unit-test";
		};
		F81A813F2790B34E00858699 /* FlowerSpotUITests */ = {
			isa = PBXNativeTarget;
			buildConfigurationList = F81A81502790B34F00858699 /* Build configuration list for PBXNativeTarget "FlowerSpotUITests" */;
			buildPhases = (
				F81A813C2790B34E00858699 /* Sources */,
				F81A813D2790B34E00858699 /* Frameworks */,
				F81A813E2790B34E00858699 /* Resources */,
			);
			buildRules = (
			);
			dependencies = (
				F81A81422790B34F00858699 /* PBXTargetDependency */,
			);
			name = FlowerSpotUITests;
			productName = FlowerSpotUITests;
			productReference = F81A81402790B34E00858699 /* FlowerSpotUITests.xctest */;
			productType = "com.apple.product-type.bundle.ui-testing";
		};
/* End PBXNativeTarget section */

/* Begin PBXProject section */
		F81A81152790B34900858699 /* Project object */ = {
			isa = PBXProject;
			attributes = {
				BuildIndependentTargetsInParallel = 1;
				LastSwiftUpdateCheck = 1320;
				LastUpgradeCheck = 1320;
				TargetAttributes = {
					F81A811C2790B34900858699 = {
						CreatedOnToolsVersion = 13.2.1;
					};
					F81A81352790B34E00858699 = {
						CreatedOnToolsVersion = 13.2.1;
						TestTargetID = F81A811C2790B34900858699;
					};
					F81A813F2790B34E00858699 = {
						CreatedOnToolsVersion = 13.2.1;
						TestTargetID = F81A811C2790B34900858699;
					};
				};
			};
			buildConfigurationList = F81A81182790B34900858699 /* Build configuration list for PBXProject "FlowerSpot" */;
			compatibilityVersion = "Xcode 13.0";
			developmentRegion = en;
			hasScannedForEncodings = 0;
			knownRegions = (
				en,
				Base,
			);
			mainGroup = F81A81142790B34900858699;
			productRefGroup = F81A811E2790B34900858699 /* Products */;
			projectDirPath = "";
			projectRoot = "";
			targets = (
				F81A811C2790B34900858699 /* FlowerSpot */,
				F81A81352790B34E00858699 /* FlowerSpotTests */,
				F81A813F2790B34E00858699 /* FlowerSpotUITests */,
			);
		};
/* End PBXProject section */

/* Begin PBXResourcesBuildPhase section */
		F81A811B2790B34900858699 /* Resources */ = {
			isa = PBXResourcesBuildPhase;
			buildActionMask = 2147483647;
			files = (
				F81A81302790B34E00858699 /* LaunchScreen.storyboard in Resources */,
				F81A812D2790B34E00858699 /* Assets.xcassets in Resources */,
				F81A81282790B34900858699 /* Main.storyboard in Resources */,
			);
			runOnlyForDeploymentPostprocessing = 0;
		};
		F81A81342790B34E00858699 /* Resources */ = {
			isa = PBXResourcesBuildPhase;
			buildActionMask = 2147483647;
			files = (
			);
			runOnlyForDeploymentPostprocessing = 0;
		};
		F81A813E2790B34E00858699 /* Resources */ = {
			isa = PBXResourcesBuildPhase;
			buildActionMask = 2147483647;
			files = (
			);
			runOnlyForDeploymentPostprocessing = 0;
		};
/* End PBXResourcesBuildPhase section */

/* Begin PBXSourcesBuildPhase section */
		F81A81192790B34900858699 /* Sources */ = {
			isa = PBXSourcesBuildPhase;
			buildActionMask = 2147483647;
			files = (
				F81A812B2790B34900858699 /* FlowerSpot.xcdatamodeld in Sources */,
				F81A81252790B34900858699 /* ViewController.swift in Sources */,
				F81A81212790B34900858699 /* AppDelegate.swift in Sources */,
				F81A81232790B34900858699 /* SceneDelegate.swift in Sources */,
			);
			runOnlyForDeploymentPostprocessing = 0;
		};
		F81A81322790B34E00858699 /* Sources */ = {
			isa = PBXSourcesBuildPhase;
			buildActionMask = 2147483647;
			files = (
				F81A813B2790B34E00858699 /* FlowerSpotTests.swift in Sources */,
			);
			runOnlyForDeploymentPostprocessing = 0;
		};
		F81A813C2790B34E00858699 /* Sources */ = {
			isa = PBXSourcesBuildPhase;
			buildActionMask = 2147483647;
			files = (
				F81A81452790B34F00858699 /* FlowerSpotUITests.swift in Sources */,
				F81A81472790B34F00858699 /* FlowerSpotUITestsLaunchTests.swift in Sources */,
			);
			runOnlyForDeploymentPostprocessing = 0;
		};
/* End PBXSourcesBuildPhase section */

/* Begin PBXTargetDependency section */
		F81A81382790B34E00858699 /* PBXTargetDependency */ = {
			isa = PBXTargetDependency;
			target = F81A811C2790B34900858699 /* FlowerSpot */;
			targetProxy = F81A81372790B34E00858699 /* PBXContainerItemProxy */;
		};
		F81A81422790B34F00858699 /* PBXTargetDependency */ = {
			isa = PBXTargetDependency;
			target = F81A811C2790B34900858699 /* FlowerSpot */;
			targetProxy = F81A81412790B34F00858699 /* PBXContainerItemProxy */;
		};
/* End PBXTargetDependency section */

/* Begin PBXVariantGroup section */
		F81A81262790B34900858699 /* Main.storyboard */ = {
			isa = PBXVariantGroup;
			children = (
				F81A81272790B34900858699 /* Base */,
			);
			name = Main.storyboard;
			sourceTree = "<group>";
		};
		F81A812E2790B34E00858699 /* LaunchScreen.storyboard */ = {
			isa = PBXVariantGroup;
			children = (
				F81A812F2790B34E00858699 /* Base */,
			);
			name = LaunchScreen.storyboard;
			sourceTree = "<group>";
		};
/* End PBXVariantGroup section */

/* Begin XCBuildConfiguration section */
		F81A81482790B34F00858699 /* Debug */ = {
			isa = XCBuildConfiguration;
			buildSettings = {
				ALWAYS_SEARCH_USER_PATHS = NO;
				CLANG_ANALYZER_NONNULL = YES;
				CLANG_ANALYZER_NUMBER_OBJECT_CONVERSION = YES_AGGRESSIVE;
				CLANG_CXX_LANGUAGE_STANDARD = "gnu++17";
				CLANG_CXX_LIBRARY = "libc++";
				CLANG_ENABLE_MODULES = YES;
				CLANG_ENABLE_OBJC_ARC = YES;
				CLANG_ENABLE_OBJC_WEAK = YES;
				CLANG_WARN_BLOCK_CAPTURE_AUTORELEASING = YES;
				CLANG_WARN_BOOL_CONVERSION = YES;
				CLANG_WARN_COMMA = YES;
				CLANG_WARN_CONSTANT_CONVERSION = YES;
				CLANG_WARN_DEPRECATED_OBJC_IMPLEMENTATIONS = YES;
				CLANG_WARN_DIRECT_OBJC_ISA_USAGE = YES_ERROR;
				CLANG_WARN_DOCUMENTATION_COMMENTS = YES;
				CLANG_WARN_EMPTY_BODY = YES;
				CLANG_WARN_ENUM_CONVERSION = YES;
				CLANG_WARN_INFINITE_RECURSION = YES;
				CLANG_WARN_INT_CONVERSION = YES;
				CLANG_WARN_NON_LITERAL_NULL_CONVERSION = YES;
				CLANG_WARN_OBJC_IMPLICIT_RETAIN_SELF = YES;
				CLANG_WARN_OBJC_LITERAL_CONVERSION = YES;
				CLANG_WARN_OBJC_ROOT_CLASS = YES_ERROR;
				CLANG_WARN_QUOTED_INCLUDE_IN_FRAMEWORK_HEADER = YES;
				CLANG_WARN_RANGE_LOOP_ANALYSIS = YES;
				CLANG_WARN_STRICT_PROTOTYPES = YES;
				CLANG_WARN_SUSPICIOUS_MOVE = YES;
				CLANG_WARN_UNGUARDED_AVAILABILITY = YES_AGGRESSIVE;
				CLANG_WARN_UNREACHABLE_CODE = YES;
				CLANG_WARN__DUPLICATE_METHOD_MATCH = YES;
				COPY_PHASE_STRIP = NO;
				DEBUG_INFORMATION_FORMAT = dwarf;
				ENABLE_STRICT_OBJC_MSGSEND = YES;
				ENABLE_TESTABILITY = YES;
				GCC_C_LANGUAGE_STANDARD = gnu11;
				GCC_DYNAMIC_NO_PIC = NO;
				GCC_NO_COMMON_BLOCKS = YES;
				GCC_OPTIMIZATION_LEVEL = 0;
				GCC_PREPROCESSOR_DEFINITIONS = (
					"DEBUG=1",
					"$(inherited)",
				);
				GCC_WARN_64_TO_32_BIT_CONVERSION = YES;
				GCC_WARN_ABOUT_RETURN_TYPE = YES_ERROR;
				GCC_WARN_UNDECLARED_SELECTOR = YES;
				GCC_WARN_UNINITIALIZED_AUTOS = YES_AGGRESSIVE;
				GCC_WARN_UNUSED_FUNCTION = YES;
				GCC_WARN_UNUSED_VARIABLE = YES;
				IPHONEOS_DEPLOYMENT_TARGET = 15.2;
				MTL_ENABLE_DEBUG_INFO = INCLUDE_SOURCE;
				MTL_FAST_MATH = YES;
				ONLY_ACTIVE_ARCH = YES;
				SDKROOT = iphoneos;
				SWIFT_ACTIVE_COMPILATION_CONDITIONS = DEBUG;
				SWIFT_OPTIMIZATION_LEVEL = "-Onone";
			};
			name = Debug;
		};
		F81A81492790B34F00858699 /* Release */ = {
			isa = XCBuildConfiguration;
			buildSettings = {
				ALWAYS_SEARCH_USER_PATHS = NO;
				CLANG_ANALYZER_NONNULL = YES;
				CLANG_ANALYZER_NUMBER_OBJECT_CONVERSION = YES_AGGRESSIVE;
				CLANG_CXX_LANGUAGE_STANDARD = "gnu++17";
				CLANG_CXX_LIBRARY = "libc++";
				CLANG_ENABLE_MODULES = YES;
				CLANG_ENABLE_OBJC_ARC = YES;
				CLANG_ENABLE_OBJC_WEAK = YES;
				CLANG_WARN_BLOCK_CAPTURE_AUTORELEASING = YES;
				CLANG_WARN_BOOL_CONVERSION = YES;
				CLANG_WARN_COMMA = YES;
				CLANG_WARN_CONSTANT_CONVERSION = YES;
				CLANG_WARN_DEPRECATED_OBJC_IMPLEMENTATIONS = YES;
				CLANG_WARN_DIRECT_OBJC_ISA_USAGE = YES_ERROR;
				CLANG_WARN_DOCUMENTATION_COMMENTS = YES;
				CLANG_WARN_EMPTY_BODY = YES;
				CLANG_WARN_ENUM_CONVERSION = YES;
				CLANG_WARN_INFINITE_RECURSION = YES;
				CLANG_WARN_INT_CONVERSION = YES;
				CLANG_WARN_NON_LITERAL_NULL_CONVERSION = YES;
				CLANG_WARN_OBJC_IMPLICIT_RETAIN_SELF = YES;
				CLANG_WARN_OBJC_LITERAL_CONVERSION = YES;
				CLANG_WARN_OBJC_ROOT_CLASS = YES_ERROR;
				CLANG_WARN_QUOTED_INCLUDE_IN_FRAMEWORK_HEADER = YES;
				CLANG_WARN_RANGE_LOOP_ANALYSIS = YES;
				CLANG_WARN_STRICT_PROTOTYPES = YES;
				CLANG_WARN_SUSPICIOUS_MOVE = YES;
				CLANG_WARN_UNGUARDED_AVAILABILITY = YES_AGGRESSIVE;
				CLANG_WARN_UNREACHABLE_CODE = YES;
				CLANG_WARN__DUPLICATE_METHOD_MATCH = YES;
				COPY_PHASE_STRIP = NO;
				DEBUG_INFORMATION_FORMAT = "dwarf-with-dsym";
				ENABLE_NS_ASSERTIONS = NO;
				ENABLE_STRICT_OBJC_MSGSEND = YES;
				GCC_C_LANGUAGE_STANDARD = gnu11;
				GCC_NO_COMMON_BLOCKS = YES;
				GCC_WARN_64_TO_32_BIT_CONVERSION = YES;
				GCC_WARN_ABOUT_RETURN_TYPE = YES_ERROR;
				GCC_WARN_UNDECLARED_SELECTOR = YES;
				GCC_WARN_UNINITIALIZED_AUTOS = YES_AGGRESSIVE;
				GCC_WARN_UNUSED_FUNCTION = YES;
				GCC_WARN_UNUSED_VARIABLE = YES;
				IPHONEOS_DEPLOYMENT_TARGET = 15.2;
				MTL_ENABLE_DEBUG_INFO = NO;
				MTL_FAST_MATH = YES;
				SDKROOT = iphoneos;
				SWIFT_COMPILATION_MODE = wholemodule;
				SWIFT_OPTIMIZATION_LEVEL = "-O";
				VALIDATE_PRODUCT = YES;
			};
			name = Release;
		};
		F81A814B2790B34F00858699 /* Debug */ = {
			isa = XCBuildConfiguration;
			buildSettings = {
				ASSETCATALOG_COMPILER_APPICON_NAME = AppIcon;
				ASSETCATALOG_COMPILER_GLOBAL_ACCENT_COLOR_NAME = AccentColor;
				CODE_SIGN_STYLE = Automatic;
				CURRENT_PROJECT_VERSION = 1;
				DEVELOPMENT_TEAM = KU6VSRF6VJ;
				GENERATE_INFOPLIST_FILE = YES;
				INFOPLIST_FILE = FlowerSpot/Info.plist;
				INFOPLIST_KEY_UIApplicationSupportsIndirectInputEvents = YES;
				INFOPLIST_KEY_UILaunchStoryboardName = LaunchScreen;
				INFOPLIST_KEY_UIMainStoryboardFile = Main;
				INFOPLIST_KEY_UISupportedInterfaceOrientations_iPad = "UIInterfaceOrientationPortrait UIInterfaceOrientationPortraitUpsideDown UIInterfaceOrientationLandscapeLeft UIInterfaceOrientationLandscapeRight";
				INFOPLIST_KEY_UISupportedInterfaceOrientations_iPhone = "UIInterfaceOrientationPortrait UIInterfaceOrientationLandscapeLeft UIInterfaceOrientationLandscapeRight";
				LD_RUNPATH_SEARCH_PATHS = (
					"$(inherited)",
					"@executable_path/Frameworks",
				);
				MARKETING_VERSION = 1.0;
				PRODUCT_BUNDLE_IDENTIFIER = com.ksamardzhiev.FlowerSpot;
				PRODUCT_NAME = "$(TARGET_NAME)";
				SWIFT_EMIT_LOC_STRINGS = YES;
				SWIFT_VERSION = 5.0;
				TARGETED_DEVICE_FAMILY = "1,2";
			};
			name = Debug;
		};
		F81A814C2790B34F00858699 /* Release */ = {
			isa = XCBuildConfiguration;
			buildSettings = {
				ASSETCATALOG_COMPILER_APPICON_NAME = AppIcon;
				ASSETCATALOG_COMPILER_GLOBAL_ACCENT_COLOR_NAME = AccentColor;
				CODE_SIGN_STYLE = Automatic;
				CURRENT_PROJECT_VERSION = 1;
				DEVELOPMENT_TEAM = KU6VSRF6VJ;
				GENERATE_INFOPLIST_FILE = YES;
				INFOPLIST_FILE = FlowerSpot/Info.plist;
				INFOPLIST_KEY_UIApplicationSupportsIndirectInputEvents = YES;
				INFOPLIST_KEY_UILaunchStoryboardName = LaunchScreen;
				INFOPLIST_KEY_UIMainStoryboardFile = Main;
				INFOPLIST_KEY_UISupportedInterfaceOrientations_iPad = "UIInterfaceOrientationPortrait UIInterfaceOrientationPortraitUpsideDown UIInterfaceOrientationLandscapeLeft UIInterfaceOrientationLandscapeRight";
				INFOPLIST_KEY_UISupportedInterfaceOrientations_iPhone = "UIInterfaceOrientationPortrait UIInterfaceOrientationLandscapeLeft UIInterfaceOrientationLandscapeRight";
				LD_RUNPATH_SEARCH_PATHS = (
					"$(inherited)",
					"@executable_path/Frameworks",
				);
				MARKETING_VERSION = 1.0;
				PRODUCT_BUNDLE_IDENTIFIER = com.ksamardzhiev.FlowerSpot;
				PRODUCT_NAME = "$(TARGET_NAME)";
				SWIFT_EMIT_LOC_STRINGS = YES;
				SWIFT_VERSION = 5.0;
				TARGETED_DEVICE_FAMILY = "1,2";
			};
			name = Release;
		};
		F81A814E2790B34F00858699 /* Debug */ = {
			isa = XCBuildConfiguration;
			buildSettings = {
				ALWAYS_EMBED_SWIFT_STANDARD_LIBRARIES = YES;
				BUNDLE_LOADER = "$(TEST_HOST)";
				CODE_SIGN_STYLE = Automatic;
				CURRENT_PROJECT_VERSION = 1;
				DEVELOPMENT_TEAM = KU6VSRF6VJ;
				GENERATE_INFOPLIST_FILE = YES;
				IPHONEOS_DEPLOYMENT_TARGET = 15.2;
				MARKETING_VERSION = 1.0;
				PRODUCT_BUNDLE_IDENTIFIER = com.ksamardzhiev.FlowerSpotTests;
				PRODUCT_NAME = "$(TARGET_NAME)";
				SWIFT_EMIT_LOC_STRINGS = NO;
				SWIFT_VERSION = 5.0;
				TARGETED_DEVICE_FAMILY = "1,2";
				TEST_HOST = "$(BUILT_PRODUCTS_DIR)/FlowerSpot.app/FlowerSpot";
			};
			name = Debug;
		};
		F81A814F2790B34F00858699 /* Release */ = {
			isa = XCBuildConfiguration;
			buildSettings = {
				ALWAYS_EMBED_SWIFT_STANDARD_LIBRARIES = YES;
				BUNDLE_LOADER = "$(TEST_HOST)";
				CODE_SIGN_STYLE = Automatic;
				CURRENT_PROJECT_VERSION = 1;
				DEVELOPMENT_TEAM = KU6VSRF6VJ;
				GENERATE_INFOPLIST_FILE = YES;
				IPHONEOS_DEPLOYMENT_TARGET = 15.2;
				MARKETING_VERSION = 1.0;
				PRODUCT_BUNDLE_IDENTIFIER = com.ksamardzhiev.FlowerSpotTests;
				PRODUCT_NAME = "$(TARGET_NAME)";
				SWIFT_EMIT_LOC_STRINGS = NO;
				SWIFT_VERSION = 5.0;
				TARGETED_DEVICE_FAMILY = "1,2";
				TEST_HOST = "$(BUILT_PRODUCTS_DIR)/FlowerSpot.app/FlowerSpot";
			};
			name = Release;
		};
		F81A81512790B34F00858699 /* Debug */ = {
			isa = XCBuildConfiguration;
			buildSettings = {
				ALWAYS_EMBED_SWIFT_STANDARD_LIBRARIES = YES;
				CODE_SIGN_STYLE = Automatic;
				CURRENT_PROJECT_VERSION = 1;
				DEVELOPMENT_TEAM = KU6VSRF6VJ;
				GENERATE_INFOPLIST_FILE = YES;
				MARKETING_VERSION = 1.0;
				PRODUCT_BUNDLE_IDENTIFIER = com.ksamardzhiev.FlowerSpotUITests;
				PRODUCT_NAME = "$(TARGET_NAME)";
				SWIFT_EMIT_LOC_STRINGS = NO;
				SWIFT_VERSION = 5.0;
				TARGETED_DEVICE_FAMILY = "1,2";
				TEST_TARGET_NAME = FlowerSpot;
			};
			name = Debug;
		};
		F81A81522790B34F00858699 /* Release */ = {
			isa = XCBuildConfiguration;
			buildSettings = {
				ALWAYS_EMBED_SWIFT_STANDARD_LIBRARIES = YES;
				CODE_SIGN_STYLE = Automatic;
				CURRENT_PROJECT_VERSION = 1;
				DEVELOPMENT_TEAM = KU6VSRF6VJ;
				GENERATE_INFOPLIST_FILE = YES;
				MARKETING_VERSION = 1.0;
				PRODUCT_BUNDLE_IDENTIFIER = com.ksamardzhiev.FlowerSpotUITests;
				PRODUCT_NAME = "$(TARGET_NAME)";
				SWIFT_EMIT_LOC_STRINGS = NO;
				SWIFT_VERSION = 5.0;
				TARGETED_DEVICE_FAMILY = "1,2";
				TEST_TARGET_NAME = FlowerSpot;
			};
			name = Release;
		};
/* End XCBuildConfiguration section */

/* Begin XCConfigurationList section */
		F81A81182790B34900858699 /* Build configuration list for PBXProject "FlowerSpot" */ = {
			isa = XCConfigurationList;
			buildConfigurations = (
				F81A81482790B34F00858699 /* Debug */,
				F81A81492790B34F00858699 /* Release */,
			);
			defaultConfigurationIsVisible = 0;
			defaultConfigurationName = Release;
		};
		F81A814A2790B34F00858699 /* Build configuration list for PBXNativeTarget "FlowerSpot" */ = {
			isa = XCConfigurationList;
			buildConfigurations = (
				F81A814B2790B34F00858699 /* Debug */,
				F81A814C2790B34F00858699 /* Release */,
			);
			defaultConfigurationIsVisible = 0;
			defaultConfigurationName = Release;
		};
		F81A814D2790B34F00858699 /* Build configuration list for PBXNativeTarget "FlowerSpotTests" */ = {
			isa = XCConfigurationList;
			buildConfigurations = (
				F81A814E2790B34F00858699 /* Debug */,
				F81A814F2790B34F00858699 /* Release */,
			);
			defaultConfigurationIsVisible = 0;
			defaultConfigurationName = Release;
		};
		F81A81502790B34F00858699 /* Build configuration list for PBXNativeTarget "FlowerSpotUITests" */ = {
			isa = XCConfigurationList;
			buildConfigurations = (
				F81A81512790B34F00858699 /* Debug */,
				F81A81522790B34F00858699 /* Release */,
			);
			defaultConfigurationIsVisible = 0;
			defaultConfigurationName = Release;
		};
/* End XCConfigurationList section */

/* Begin XCVersionGroup section */
		F81A81292790B34900858699 /* FlowerSpot.xcdatamodeld */ = {
			isa = XCVersionGroup;
			children = (
				F81A812A2790B34900858699 /* FlowerSpot.xcdatamodel */,
			);
			currentVersion = F81A812A2790B34900858699 /* FlowerSpot.xcdatamodel */;
			path = FlowerSpot.xcdatamodeld;
			sourceTree = "<group>";
			versionGroupType = wrapper.xcdatamodel;
		};
/* End XCVersionGroup section */
	};
	rootObject = F81A81152790B34900858699 /* Project object */;
}
